{
  "pins" : [
    {
      "identity" : "essentials",
      "kind" : "remoteSourceControl",
      "location" : "https://gitlab.com/sergiy.vynnychenko/essentials.git",
      "state" : {
        "branch" : "master",
        "revision" : "06662094e7a5a3e133c0d059bc927e828afed791"
      }
    }
  ],
  "version" : 2
}
