{
  "pins" : [
    {
      "identity" : "essentials",
      "kind" : "remoteSourceControl",
      "location" : "https://gitlab.com/sergiy.vynnychenko/essentials.git",
      "state" : {
        "branch" : "master",
        "revision" : "e6778b64fc2ee851912d20edc5d9bc75bbd326de"
      }
    }
  ],
  "version" : 2
}
